
Microsoft Visual Studio Solution File, Format Version 12.00
# Visual Studio Version 16
VisualStudioVersion = 16.0.31019.35
MinimumVisualStudioVersion = 10.0.40219.1
Project("{FAE04EC0-301F-11D3-BF4B-00C04F79EFBC}") = "Minyori", "Minyori\Minyori.csproj", "{094B140C-53AA-4089-8A02-5E2AFC2D0EF2}"
EndProject
Global
	GlobalSection(SolutionConfigurationPlatforms) = preSolution
		Debug|Any CPU = Debug|Any CPU
		Release|Any CPU = Release|Any CPU
	EndGlobalSection
	GlobalSection(ProjectConfigurationPlatforms) = postSolution
		{094B140C-53AA-4089-8A02-5E2AFC2D0EF2}.Debug|Any CPU.ActiveCfg = Debug|Any CPU
		{094B140C-53AA-4089-8A02-5E2AFC2D0EF2}.Debug|Any CPU.Build.0 = Debug|Any CPU
		{094B140C-53AA-4089-8A02-5E2AFC2D0EF2}.Release|Any CPU.ActiveCfg = Release|Any CPU
		{094B140C-53AA-4089-8A02-5E2AFC2D0EF2}.Release|Any CPU.Build.0 = Release|Any CPU
	EndGlobalSection
	GlobalSection(SolutionProperties) = preSolution
		HideSolutionNode = FALSE
	EndGlobalSection
	GlobalSection(ExtensibilityGlobals) = postSolution
		SolutionGuid = {F08066A2-6015-48DB-8145-39432ACBD3B7}
	EndGlobalSection
EndGlobal
