
Microsoft Visual Studio Solution File, Format Version 12.00
# Visual Studio Version 16
VisualStudioVersion = 16.0.31019.35
MinimumVisualStudioVersion = 10.0.40219.1
Project("{FAE04EC0-301F-11D3-BF4B-00C04F79EFBC}") = "Ukazatel", "Ukazatel\Ukazatel.csproj", "{DF4881A2-3CBF-488C-BD52-A76CE390EA6C}"
EndProject
Global
	GlobalSection(SolutionConfigurationPlatforms) = preSolution
		Debug|Any CPU = Debug|Any CPU
		Release|Any CPU = Release|Any CPU
	EndGlobalSection
	GlobalSection(ProjectConfigurationPlatforms) = postSolution
		{DF4881A2-3CBF-488C-BD52-A76CE390EA6C}.Debug|Any CPU.ActiveCfg = Debug|Any CPU
		{DF4881A2-3CBF-488C-BD52-A76CE390EA6C}.Debug|Any CPU.Build.0 = Debug|Any CPU
		{DF4881A2-3CBF-488C-BD52-A76CE390EA6C}.Release|Any CPU.ActiveCfg = Release|Any CPU
		{DF4881A2-3CBF-488C-BD52-A76CE390EA6C}.Release|Any CPU.Build.0 = Release|Any CPU
	EndGlobalSection
	GlobalSection(SolutionProperties) = preSolution
		HideSolutionNode = FALSE
	EndGlobalSection
	GlobalSection(ExtensibilityGlobals) = postSolution
		SolutionGuid = {E0765C23-D823-4148-85D0-7B1BB21C2226}
	EndGlobalSection
EndGlobal
